
Microsoft Visual Studio Solution File, Format Version 12.00
# Visual Studio Version 17
VisualStudioVersion = 17.0.32014.148
MinimumVisualStudioVersion = 10.0.40219.1
Project("{FAE04EC0-301F-11D3-BF4B-00C04F79EFBC}") = "JARS-API", "JARS-API\JARS-API.csproj", "{F1CE4F63-693D-49C3-9251-104A0D258CB0}"
EndProject
Global
	GlobalSection(SolutionConfigurationPlatforms) = preSolution
		Debug|Any CPU = Debug|Any CPU
		Release|Any CPU = Release|Any CPU
	EndGlobalSection
	GlobalSection(ProjectConfigurationPlatforms) = postSolution
		{F1CE4F63-693D-49C3-9251-104A0D258CB0}.Debug|Any CPU.ActiveCfg = Debug|Any CPU
		{F1CE4F63-693D-49C3-9251-104A0D258CB0}.Debug|Any CPU.Build.0 = Debug|Any CPU
		{F1CE4F63-693D-49C3-9251-104A0D258CB0}.Release|Any CPU.ActiveCfg = Release|Any CPU
		{F1CE4F63-693D-49C3-9251-104A0D258CB0}.Release|Any CPU.Build.0 = Release|Any CPU
	EndGlobalSection
	GlobalSection(SolutionProperties) = preSolution
		HideSolutionNode = FALSE
	EndGlobalSection
	GlobalSection(ExtensibilityGlobals) = postSolution
		SolutionGuid = {E09B92CA-25A4-4F61-9BA5-50A39764C316}
	EndGlobalSection
EndGlobal
