
Microsoft Visual Studio Solution File, Format Version 12.00
# Visual Studio Version 17
VisualStudioVersion = 17.0.32014.148
MinimumVisualStudioVersion = 10.0.40219.1
Project("{9A19103F-16F7-4668-BE54-9A1E7A4F7556}") = "JARS-API", "JARS-API\JARS-API.csproj", "{F1CE4F63-693D-49C3-9251-104A0D258CB0}"
EndProject
Project("{9A19103F-16F7-4668-BE54-9A1E7A4F7556}") = "JARS-DAL", "JARS-DAL\JARS-DAL.csproj", "{66A4F66F-1341-4F63-AAAD-70FF22650A5C}"
EndProject
Project("{FAE04EC0-301F-11D3-BF4B-00C04F79EFBC}") = "JARS_Services", "JARS_Services\JARS_Services.csproj", "{6E02611C-DF8C-4516-A993-BB73CEF949BE}"
EndProject
Global
	GlobalSection(SolutionConfigurationPlatforms) = preSolution
		Debug|Any CPU = Debug|Any CPU
		Release|Any CPU = Release|Any CPU
	EndGlobalSection
	GlobalSection(ProjectConfigurationPlatforms) = postSolution
		{F1CE4F63-693D-49C3-9251-104A0D258CB0}.Debug|Any CPU.ActiveCfg = Debug|Any CPU
		{F1CE4F63-693D-49C3-9251-104A0D258CB0}.Debug|Any CPU.Build.0 = Debug|Any CPU
		{F1CE4F63-693D-49C3-9251-104A0D258CB0}.Release|Any CPU.ActiveCfg = Release|Any CPU
		{F1CE4F63-693D-49C3-9251-104A0D258CB0}.Release|Any CPU.Build.0 = Release|Any CPU
		{66A4F66F-1341-4F63-AAAD-70FF22650A5C}.Debug|Any CPU.ActiveCfg = Debug|Any CPU
		{66A4F66F-1341-4F63-AAAD-70FF22650A5C}.Debug|Any CPU.Build.0 = Debug|Any CPU
		{66A4F66F-1341-4F63-AAAD-70FF22650A5C}.Release|Any CPU.ActiveCfg = Release|Any CPU
		{66A4F66F-1341-4F63-AAAD-70FF22650A5C}.Release|Any CPU.Build.0 = Release|Any CPU
		{6E02611C-DF8C-4516-A993-BB73CEF949BE}.Debug|Any CPU.ActiveCfg = Debug|Any CPU
		{6E02611C-DF8C-4516-A993-BB73CEF949BE}.Debug|Any CPU.Build.0 = Debug|Any CPU
		{6E02611C-DF8C-4516-A993-BB73CEF949BE}.Release|Any CPU.ActiveCfg = Release|Any CPU
		{6E02611C-DF8C-4516-A993-BB73CEF949BE}.Release|Any CPU.Build.0 = Release|Any CPU
	EndGlobalSection
	GlobalSection(SolutionProperties) = preSolution
		HideSolutionNode = FALSE
	EndGlobalSection
	GlobalSection(ExtensibilityGlobals) = postSolution
		SolutionGuid = {E09B92CA-25A4-4F61-9BA5-50A39764C316}
	EndGlobalSection
EndGlobal
